# THIS IS AN AUTOGENERATED FILE. DO NOT EDIT THIS FILE DIRECTLY.
# yarn lockfile v1


"@types/node@^8.0.58":
  version "8.0.58"
  resolved "https://registry.yarnpkg.com/@types/node/-/node-8.0.58.tgz#5b3881c0be3a646874803fee3197ea7f1ed6df90"

ansi-regex@^2.1.1:
  version "2.1.1"
  resolved "https://registry.yarnpkg.com/ansi-regex/-/ansi-regex-2.1.1.tgz#c3b33ab5ee360d86e0e628f0468ae7ef27d654df"

any-promise@^1.0.0:
  version "1.3.0"
  resolved "https://registry.yarnpkg.com/any-promise/-/any-promise-1.3.0.tgz#abc6afeedcea52e809cdc0376aed3ce39635d17f"

argparse@^1.0.7:
  version "1.0.9"
  resolved "https://registry.yarnpkg.com/argparse/-/argparse-1.0.9.tgz#73d83bc263f86e97f8cc4f6bae1b0e90a7d22c86"
  dependencies:
    sprintf-js "~1.0.2"

call-me-maybe@^1.0.1:
  version "1.0.1"
  resolved "https://registry.yarnpkg.com/call-me-maybe/-/call-me-maybe-1.0.1.tgz#26d208ea89e37b5cbde60250a15f031c16a4d66b"

cli-color@^1.2.0:
  version "1.2.0"
  resolved "https://registry.yarnpkg.com/cli-color/-/cli-color-1.2.0.tgz#3a5ae74fd76b6267af666e69e2afbbd01def34d1"
  dependencies:
    ansi-regex "^2.1.1"
    d "1"
    es5-ext "^0.10.12"
    es6-iterator "2"
    memoizee "^0.4.3"
    timers-ext "0.1"

d@1:
  version "1.0.0"
  resolved "https://registry.yarnpkg.com/d/-/d-1.0.0.tgz#754bb5bfe55451da69a58b94d45f4c5b0462d58f"
  dependencies:
    es5-ext "^0.10.9"

debug@^3.1.0:
  version "3.1.0"
  resolved "https://registry.yarnpkg.com/debug/-/debug-3.1.0.tgz#5bb5a0672628b64149566ba16819e61518c67261"
  dependencies:
    ms "2.0.0"

es5-ext@^0.10.12, es5-ext@^0.10.14, es5-ext@^0.10.30, es5-ext@^0.10.35, es5-ext@^0.10.9, es5-ext@~0.10.14, es5-ext@~0.10.2:
  version "0.10.37"
  resolved "https://registry.yarnpkg.com/es5-ext/-/es5-ext-0.10.37.tgz#0ee741d148b80069ba27d020393756af257defc3"
  dependencies:
    es6-iterator "~2.0.1"
    es6-symbol "~3.1.1"

es6-iterator@2, es6-iterator@^2.0.1, es6-iterator@~2.0.1:
  version "2.0.3"
  resolved "https://registry.yarnpkg.com/es6-iterator/-/es6-iterator-2.0.3.tgz#a7de889141a05a94b0854403b2d0a0fbfa98f3b7"
  dependencies:
    d "1"
    es5-ext "^0.10.35"
    es6-symbol "^3.1.1"

es6-symbol@^3.1.1, es6-symbol@~3.1.1:
  version "3.1.1"
  resolved "https://registry.yarnpkg.com/es6-symbol/-/es6-symbol-3.1.1.tgz#bf00ef4fdab6ba1b46ecb7b629b4c7ed5715cc77"
  dependencies:
    d "1"
    es5-ext "~0.10.14"

es6-weak-map@^2.0.2:
  version "2.0.2"
  resolved "https://registry.yarnpkg.com/es6-weak-map/-/es6-weak-map-2.0.2.tgz#5e3ab32251ffd1538a1f8e5ffa1357772f92d96f"
  dependencies:
    d "1"
    es5-ext "^0.10.14"
    es6-iterator "^2.0.1"
    es6-symbol "^3.1.1"

esprima@^4.0.0:
  version "4.0.0"
  resolved "https://registry.yarnpkg.com/esprima/-/esprima-4.0.0.tgz#4499eddcd1110e0b218bacf2fa7f7f59f55ca804"

event-emitter@^0.3.5:
  version "0.3.5"
  resolved "https://registry.yarnpkg.com/event-emitter/-/event-emitter-0.3.5.tgz#df8c69eef1647923c7157b9ce83840610b02cc39"
  dependencies:
    d "1"
    es5-ext "~0.10.14"

format-util@^1.0.3:
  version "1.0.3"
  resolved "https://registry.yarnpkg.com/format-util/-/format-util-1.0.3.tgz#032dca4a116262a12c43f4c3ec8566416c5b2d95"

is-promise@^2.1:
  version "2.1.0"
  resolved "https://registry.yarnpkg.com/is-promise/-/is-promise-2.1.0.tgz#79a2a9ece7f096e80f36d2b2f3bc16c1ff4bf3fa"

js-yaml@^3.10.0:
  version "3.10.0"
  resolved "https://registry.yarnpkg.com/js-yaml/-/js-yaml-3.10.0.tgz#2e78441646bd4682e963f22b6e92823c309c62dc"
  dependencies:
    argparse "^1.0.7"
    esprima "^4.0.0"

json-schema-ref-parser@^4.0.4:
  version "4.0.4"
  resolved "https://registry.yarnpkg.com/json-schema-ref-parser/-/json-schema-ref-parser-4.0.4.tgz#3346b81eb0a5657e6f46c11322c5994c6f1b0b26"
  dependencies:
    call-me-maybe "^1.0.1"
    debug "^3.1.0"
    js-yaml "^3.10.0"
    ono "^4.0.2"

json-schema-to-typescript@5.2.0:
  version "5.2.0"
  resolved "https://registry.yarnpkg.com/json-schema-to-typescript/-/json-schema-to-typescript-5.2.0.tgz#f05beefaa5facbe240a4beabd4203dd2f2acb5ff"
  dependencies:
    cli-color "^1.2.0"
    json-schema-ref-parser "^4.0.4"
    json-stringify-safe "^5.0.1"
    lodash "^4.17.4"
    minimist "^1.2.0"
    mz "^2.7.0"
    prettier "^1.8.2"
    stdin "0.0.1"

json-stringify-safe@^5.0.1:
  version "5.0.1"
  resolved "https://registry.yarnpkg.com/json-stringify-safe/-/json-stringify-safe-5.0.1.tgz#1296a2d58fd45f19a0f6ce01d65701e2c735b6eb"

lodash@^4.17.4:
  version "4.17.4"
  resolved "https://registry.yarnpkg.com/lodash/-/lodash-4.17.4.tgz#78203a4d1c328ae1d86dca6460e369b57f4055ae"

lru-queue@0.1:
  version "0.1.0"
  resolved "https://registry.yarnpkg.com/lru-queue/-/lru-queue-0.1.0.tgz#2738bd9f0d3cf4f84490c5736c48699ac632cda3"
  dependencies:
    es5-ext "~0.10.2"

memoizee@^0.4.3:
  version "0.4.11"
  resolved "https://registry.yarnpkg.com/memoizee/-/memoizee-0.4.11.tgz#bde9817663c9e40fdb2a4ea1c367296087ae8c8f"
  dependencies:
    d "1"
    es5-ext "^0.10.30"
    es6-weak-map "^2.0.2"
    event-emitter "^0.3.5"
    is-promise "^2.1"
    lru-queue "0.1"
    next-tick "1"
    timers-ext "^0.1.2"

minimist@^1.2.0:
  version "1.2.0"
  resolved "https://registry.yarnpkg.com/minimist/-/minimist-1.2.0.tgz#a35008b20f41383eec1fb914f4cd5df79a264284"

ms@2.0.0:
  version "2.0.0"
  resolved "https://registry.yarnpkg.com/ms/-/ms-2.0.0.tgz#5608aeadfc00be6c2901df5f9861788de0d597c8"

mz@^2.7.0:
  version "2.7.0"
  resolved "https://registry.yarnpkg.com/mz/-/mz-2.7.0.tgz#95008057a56cafadc2bc63dde7f9ff6955948e32"
  dependencies:
    any-promise "^1.0.0"
    object-assign "^4.0.1"
    thenify-all "^1.0.0"

next-tick@1:
  version "1.0.0"
  resolved "https://registry.yarnpkg.com/next-tick/-/next-tick-1.0.0.tgz#ca86d1fe8828169b0120208e3dc8424b9db8342c"

object-assign@^4.0.1:
  version "4.1.1"
  resolved "https://registry.yarnpkg.com/object-assign/-/object-assign-4.1.1.tgz#2109adc7965887cfc05cbbd442cac8bfbb360863"

ono@^4.0.2:
  version "4.0.2"
  resolved "https://registry.yarnpkg.com/ono/-/ono-4.0.2.tgz#2e18ff7c21b9eac0cab794f7a3082507000d6d36"
  dependencies:
    format-util "^1.0.3"

prettier@^1.8.2:
  version "1.9.2"
  resolved "https://registry.yarnpkg.com/prettier/-/prettier-1.9.2.tgz#96bc2132f7a32338e6078aeb29727178c6335827"

sprintf-js@~1.0.2:
  version "1.0.3"
  resolved "https://registry.yarnpkg.com/sprintf-js/-/sprintf-js-1.0.3.tgz#04e6926f662895354f3dd015203633b857297e2c"

stdin@0.0.1:
  version "0.0.1"
  resolved "https://registry.yarnpkg.com/stdin/-/stdin-0.0.1.tgz#d3041981aaec3dfdbc77a1b38d6372e38f5fb71e"

thenify-all@^1.0.0:
  version "1.6.0"
  resolved "https://registry.yarnpkg.com/thenify-all/-/thenify-all-1.6.0.tgz#1a1918d402d8fc3f98fbf234db0bcc8cc10e9726"
  dependencies:
    thenify ">= 3.1.0 < 4"

"thenify@>= 3.1.0 < 4":
  version "3.3.0"
  resolved "https://registry.yarnpkg.com/thenify/-/thenify-3.3.0.tgz#e69e38a1babe969b0108207978b9f62b88604839"
  dependencies:
    any-promise "^1.0.0"

timers-ext@0.1, timers-ext@^0.1.2:
  version "0.1.2"
  resolved "https://registry.yarnpkg.com/timers-ext/-/timers-ext-0.1.2.tgz#61cc47a76c1abd3195f14527f978d58ae94c5204"
  dependencies:
    es5-ext "~0.10.14"
    next-tick "1"

typescript@2.6.2:
  version "2.6.2"
  resolved "https://registry.yarnpkg.com/typescript/-/typescript-2.6.2.tgz#3c5b6fd7f6de0914269027f03c0946758f7673a4"
